// !$*UTF8*$!
{
	archiveVersion = 1;
	classes = {
	};
	objectVersion = 46;
	objects = {

/* Begin PBXBuildFile section */
		F1D463881DD186880029E93A /* main.m in Sources */ = {isa = PBXBuildFile; fileRef = F1D463871DD186880029E93A /* main.m */; };
		F1D4638B1DD186880029E93A /* AppDelegate.m in Sources */ = {isa = PBXBuildFile; fileRef = F1D4638A1DD186880029E93A /* AppDelegate.m */; };
		F1D4638E1DD186880029E93A /* ViewController.m in Sources */ = {isa = PBXBuildFile; fileRef = F1D4638D1DD186880029E93A /* ViewController.m */; };
		F1D463911DD186880029E93A /* Main.storyboard in Resources */ = {isa = PBXBuildFile; fileRef = F1D4638F1DD186880029E93A /* Main.storyboard */; };
		F1D463931DD186880029E93A /* Assets.xcassets in Resources */ = {isa = PBXBuildFile; fileRef = F1D463921DD186880029E93A /* Assets.xcassets */; };
		F1D463961DD186880029E93A /* LaunchScreen.storyboard in Resources */ = {isa = PBXBuildFile; fileRef = F1D463941DD186880029E93A /* LaunchScreen.storyboard */; };
		F1D463A01DD18B680029E93A /* CategoryCell.m in Sources */ = {isa = PBXBuildFile; fileRef = F1D4639F1DD18B680029E93A /* CategoryCell.m */; };
		F1D463A21DD18D960029E93A /* car1.png in Resources */ = {isa = PBXBuildFile; fileRef = F1D463A11DD18D960029E93A /* car1.png */; };
		F1D463A61DD1DFD50029E93A /* baloon.png in Resources */ = {isa = PBXBuildFile; fileRef = F1D463A51DD1DFD50029E93A /* baloon.png */; };
/* End PBXBuildFile section */

/* Begin PBXFileReference section */
		F1D463831DD186880029E93A /* collectionview.app */ = {isa = PBXFileReference; explicitFileType = wrapper.application; includeInIndex = 0; path = collectionview.app; sourceTree = BUILT_PRODUCTS_DIR; };
		F1D463871DD186880029E93A /* main.m */ = {isa = PBXFileReference; lastKnownFileType = sourcecode.c.objc; path = main.m; sourceTree = "<group>"; };
		F1D463891DD186880029E93A /* AppDelegate.h */ = {isa = PBXFileReference; lastKnownFileType = sourcecode.c.h; path = AppDelegate.h; sourceTree = "<group>"; };
		F1D4638A1DD186880029E93A /* AppDelegate.m */ = {isa = PBXFileReference; lastKnownFileType = sourcecode.c.objc; path = AppDelegate.m; sourceTree = "<group>"; };
		F1D4638C1DD186880029E93A /* ViewController.h */ = {isa = PBXFileReference; lastKnownFileType = sourcecode.c.h; path = ViewController.h; sourceTree = "<group>"; };
		F1D4638D1DD186880029E93A /* ViewController.m */ = {isa = PBXFileReference; lastKnownFileType = sourcecode.c.objc; path = ViewController.m; sourceTree = "<group>"; };
		F1D463901DD186880029E93A /* Base */ = {isa = PBXFileReference; lastKnownFileType = file.storyboard; name = Base; path = Base.lproj/Main.storyboard; sourceTree = "<group>"; };
		F1D463921DD186880029E93A /* Assets.xcassets */ = {isa = PBXFileReference; lastKnownFileType = folder.assetcatalog; path = Assets.xcassets; sourceTree = "<group>"; };
		F1D463951DD186880029E93A /* Base */ = {isa = PBXFileReference; lastKnownFileType = file.storyboard; name = Base; path = Base.lproj/LaunchScreen.storyboard; sourceTree = "<group>"; };
		F1D463971DD186880029E93A /* Info.plist */ = {isa = PBXFileReference; lastKnownFileType = text.plist.xml; path = Info.plist; sourceTree = "<group>"; };
		F1D4639E1DD18B680029E93A /* CategoryCell.h */ = {isa = PBXFileReference; fileEncoding = 4; lastKnownFileType = sourcecode.c.h; path = CategoryCell.h; sourceTree = "<group>"; };
		F1D4639F1DD18B680029E93A /* CategoryCell.m */ = {isa = PBXFileReference; fileEncoding = 4; lastKnownFileType = sourcecode.c.objc; path = CategoryCell.m; sourceTree = "<group>"; };
		F1D463A11DD18D960029E93A /* car1.png */ = {isa = PBXFileReference; lastKnownFileType = image.png; path = car1.png; sourceTree = "<group>"; };
		F1D463A51DD1DFD50029E93A /* baloon.png */ = {isa = PBXFileReference; lastKnownFileType = image.png; path = baloon.png; sourceTree = "<group>"; };
/* End PBXFileReference section */

/* Begin PBXFrameworksBuildPhase section */
		F1D463801DD186880029E93A /* Frameworks */ = {
			isa = PBXFrameworksBuildPhase;
			buildActionMask = 2147483647;
			files = (
			);
			runOnlyForDeploymentPostprocessing = 0;
		};
/* End PBXFrameworksBuildPhase section */

/* Begin PBXGroup section */
		F1D4637A1DD186880029E93A = {
			isa = PBXGroup;
			children = (
				F1D463851DD186880029E93A /* collectionview */,
				F1D463841DD186880029E93A /* Products */,
			);
			sourceTree = "<group>";
		};
		F1D463841DD186880029E93A /* Products */ = {
			isa = PBXGroup;
			children = (
				F1D463831DD186880029E93A /* collectionview.app */,
			);
			name = Products;
			sourceTree = "<group>";
		};
		F1D463851DD186880029E93A /* collectionview */ = {
			isa = PBXGroup;
			children = (
				F1D463891DD186880029E93A /* AppDelegate.h */,
				F1D4638A1DD186880029E93A /* AppDelegate.m */,
				F1D4638C1DD186880029E93A /* ViewController.h */,
				F1D4638D1DD186880029E93A /* ViewController.m */,
				F1D4639D1DD18B3B0029E93A /* customCell */,
				F1D4638F1DD186880029E93A /* Main.storyboard */,
				F1D463921DD186880029E93A /* Assets.xcassets */,
				F1D463941DD186880029E93A /* LaunchScreen.storyboard */,
				F1D463971DD186880029E93A /* Info.plist */,
				F1D463861DD186880029E93A /* Supporting Files */,
			);
			path = collectionview;
			sourceTree = "<group>";
		};
		F1D463861DD186880029E93A /* Supporting Files */ = {
			isa = PBXGroup;
			children = (
				F1D463A51DD1DFD50029E93A /* baloon.png */,
				F1D463A11DD18D960029E93A /* car1.png */,
				F1D463871DD186880029E93A /* main.m */,
			);
			name = "Supporting Files";
			sourceTree = "<group>";
		};
		F1D4639D1DD18B3B0029E93A /* customCell */ = {
			isa = PBXGroup;
			children = (
				F1D4639E1DD18B680029E93A /* CategoryCell.h */,
				F1D4639F1DD18B680029E93A /* CategoryCell.m */,
			);
			name = customCell;
			sourceTree = "<group>";
		};
/* End PBXGroup section */

/* Begin PBXNativeTarget section */
		F1D463821DD186880029E93A /* collectionview */ = {
			isa = PBXNativeTarget;
			buildConfigurationList = F1D4639A1DD186880029E93A /* Build configuration list for PBXNativeTarget "collectionview" */;
			buildPhases = (
				F1D4637F1DD186880029E93A /* Sources */,
				F1D463801DD186880029E93A /* Frameworks */,
				F1D463811DD186880029E93A /* Resources */,
			);
			buildRules = (
			);
			dependencies = (
			);
			name = collectionview;
			productName = collectionview;
			productReference = F1D463831DD186880029E93A /* collectionview.app */;
			productType = "com.apple.product-type.application";
		};
/* End PBXNativeTarget section */

/* Begin PBXProject section */
		F1D4637B1DD186880029E93A /* Project object */ = {
			isa = PBXProject;
			attributes = {
				LastUpgradeCheck = 0800;
				ORGANIZATIONNAME = "C N Soft Net";
				TargetAttributes = {
					F1D463821DD186880029E93A = {
						CreatedOnToolsVersion = 8.0;
						DevelopmentTeam = WX82MKMUM2;
						ProvisioningStyle = Automatic;
					};
				};
			};
			buildConfigurationList = F1D4637E1DD186880029E93A /* Build configuration list for PBXProject "collectionview" */;
			compatibilityVersion = "Xcode 3.2";
			developmentRegion = English;
			hasScannedForEncodings = 0;
			knownRegions = (
				en,
				Base,
			);
			mainGroup = F1D4637A1DD186880029E93A;
			productRefGroup = F1D463841DD186880029E93A /* Products */;
			projectDirPath = "";
			projectRoot = "";
			targets = (
				F1D463821DD186880029E93A /* collectionview */,
			);
		};
/* End PBXProject section */

/* Begin PBXResourcesBuildPhase section */
		F1D463811DD186880029E93A /* Resources */ = {
			isa = PBXResourcesBuildPhase;
			buildActionMask = 2147483647;
			files = (
				F1D463961DD186880029E93A /* LaunchScreen.storyboard in Resources */,
				F1D463931DD186880029E93A /* Assets.xcassets in Resources */,
				F1D463A21DD18D960029E93A /* car1.png in Resources */,
				F1D463911DD186880029E93A /* Main.storyboard in Resources */,
				F1D463A61DD1DFD50029E93A /* baloon.png in Resources */,
			);
			runOnlyForDeploymentPostprocessing = 0;
		};
/* End PBXResourcesBuildPhase section */

/* Begin PBXSourcesBuildPhase section */
		F1D4637F1DD186880029E93A /* Sources */ = {
			isa = PBXSourcesBuildPhase;
			buildActionMask = 2147483647;
			files = (
				F1D4638E1DD186880029E93A /* ViewController.m in Sources */,
				F1D4638B1DD186880029E93A /* AppDelegate.m in Sources */,
				F1D463881DD186880029E93A /* main.m in Sources */,
				F1D463A01DD18B680029E93A /* CategoryCell.m in Sources */,
			);
			runOnlyForDeploymentPostprocessing = 0;
		};
/* End PBXSourcesBuildPhase section */

/* Begin PBXVariantGroup section */
		F1D4638F1DD186880029E93A /* Main.storyboard */ = {
			isa = PBXVariantGroup;
			children = (
				F1D463901DD186880029E93A /* Base */,
			);
			name = Main.storyboard;
			sourceTree = "<group>";
		};
		F1D463941DD186880029E93A /* LaunchScreen.storyboard */ = {
			isa = PBXVariantGroup;
			children = (
				F1D463951DD186880029E93A /* Base */,
			);
			name = LaunchScreen.storyboard;
			sourceTree = "<group>";
		};
/* End PBXVariantGroup section */

/* Begin XCBuildConfiguration section */
		F1D463981DD186880029E93A /* Debug */ = {
			isa = XCBuildConfiguration;
			buildSettings = {
				ALWAYS_SEARCH_USER_PATHS = NO;
				CLANG_ANALYZER_NONNULL = YES;
				CLANG_CXX_LANGUAGE_STANDARD = "gnu++0x";
				CLANG_CXX_LIBRARY = "libc++";
				CLANG_ENABLE_MODULES = YES;
				CLANG_ENABLE_OBJC_ARC = YES;
				CLANG_WARN_BOOL_CONVERSION = YES;
				CLANG_WARN_CONSTANT_CONVERSION = YES;
				CLANG_WARN_DIRECT_OBJC_ISA_USAGE = YES_ERROR;
				CLANG_WARN_DOCUMENTATION_COMMENTS = YES;
				CLANG_WARN_EMPTY_BODY = YES;
				CLANG_WARN_ENUM_CONVERSION = YES;
				CLANG_WARN_INFINITE_RECURSION = YES;
				CLANG_WARN_INT_CONVERSION = YES;
				CLANG_WARN_OBJC_ROOT_CLASS = YES_ERROR;
				CLANG_WARN_SUSPICIOUS_MOVES = YES;
				CLANG_WARN_UNREACHABLE_CODE = YES;
				CLANG_WARN__DUPLICATE_METHOD_MATCH = YES;
				"CODE_SIGN_IDENTITY[sdk=iphoneos*]" = "iPhone Developer";
				COPY_PHASE_STRIP = NO;
				DEBUG_INFORMATION_FORMAT = dwarf;
				ENABLE_STRICT_OBJC_MSGSEND = YES;
				ENABLE_TESTABILITY = YES;
				GCC_C_LANGUAGE_STANDARD = gnu99;
				GCC_DYNAMIC_NO_PIC = NO;
				GCC_NO_COMMON_BLOCKS = YES;
				GCC_OPTIMIZATION_LEVEL = 0;
				GCC_PREPROCESSOR_DEFINITIONS = (
					"DEBUG=1",
					"$(inherited)",
				);
				GCC_WARN_64_TO_32_BIT_CONVERSION = YES;
				GCC_WARN_ABOUT_RETURN_TYPE = YES_ERROR;
				GCC_WARN_UNDECLARED_SELECTOR = YES;
				GCC_WARN_UNINITIALIZED_AUTOS = YES_AGGRESSIVE;
				GCC_WARN_UNUSED_FUNCTION = YES;
				GCC_WARN_UNUSED_VARIABLE = YES;
				IPHONEOS_DEPLOYMENT_TARGET = 10.0;
				MTL_ENABLE_DEBUG_INFO = YES;
				ONLY_ACTIVE_ARCH = YES;
				SDKROOT = iphoneos;
			};
			name = Debug;
		};
		F1D463991DD186880029E93A /* Release */ = {
			isa = XCBuildConfiguration;
			buildSettings = {
				ALWAYS_SEARCH_USER_PATHS = NO;
				CLANG_ANALYZER_NONNULL = YES;
				CLANG_CXX_LANGUAGE_STANDARD = "gnu++0x";
				CLANG_CXX_LIBRARY = "libc++";
				CLANG_ENABLE_MODULES = YES;
				CLANG_ENABLE_OBJC_ARC = YES;
				CLANG_WARN_BOOL_CONVERSION = YES;
				CLANG_WARN_CONSTANT_CONVERSION = YES;
				CLANG_WARN_DIRECT_OBJC_ISA_USAGE = YES_ERROR;
				CLANG_WARN_DOCUMENTATION_COMMENTS = YES;
				CLANG_WARN_EMPTY_BODY = YES;
				CLANG_WARN_ENUM_CONVERSION = YES;
				CLANG_WARN_INFINITE_RECURSION = YES;
				CLANG_WARN_INT_CONVERSION = YES;
				CLANG_WARN_OBJC_ROOT_CLASS = YES_ERROR;
				CLANG_WARN_SUSPICIOUS_MOVES = YES;
				CLANG_WARN_UNREACHABLE_CODE = YES;
				CLANG_WARN__DUPLICATE_METHOD_MATCH = YES;
				"CODE_SIGN_IDENTITY[sdk=iphoneos*]" = "iPhone Developer";
				COPY_PHASE_STRIP = NO;
				DEBUG_INFORMATION_FORMAT = "dwarf-with-dsym";
				ENABLE_NS_ASSERTIONS = NO;
				ENABLE_STRICT_OBJC_MSGSEND = YES;
				GCC_C_LANGUAGE_STANDARD = gnu99;
				GCC_NO_COMMON_BLOCKS = YES;
				GCC_WARN_64_TO_32_BIT_CONVERSION = YES;
				GCC_WARN_ABOUT_RETURN_TYPE = YES_ERROR;
				GCC_WARN_UNDECLARED_SELECTOR = YES;
				GCC_WARN_UNINITIALIZED_AUTOS = YES_AGGRESSIVE;
				GCC_WARN_UNUSED_FUNCTION = YES;
				GCC_WARN_UNUSED_VARIABLE = YES;
				IPHONEOS_DEPLOYMENT_TARGET = 10.0;
				MTL_ENABLE_DEBUG_INFO = NO;
				SDKROOT = iphoneos;
				VALIDATE_PRODUCT = YES;
			};
			name = Release;
		};
		F1D4639B1DD186880029E93A /* Debug */ = {
			isa = XCBuildConfiguration;
			buildSettings = {
				ASSETCATALOG_COMPILER_APPICON_NAME = AppIcon;
				DEVELOPMENT_TEAM = WX82MKMUM2;
				INFOPLIST_FILE = collectionview/Info.plist;
				LD_RUNPATH_SEARCH_PATHS = "$(inherited) @executable_path/Frameworks";
				PRODUCT_BUNDLE_IDENTIFIER = com.cnsoftnet.try2.collectionview;
				PRODUCT_NAME = "$(TARGET_NAME)";
			};
			name = Debug;
		};
		F1D4639C1DD186880029E93A /* Release */ = {
			isa = XCBuildConfiguration;
			buildSettings = {
				ASSETCATALOG_COMPILER_APPICON_NAME = AppIcon;
				DEVELOPMENT_TEAM = WX82MKMUM2;
				INFOPLIST_FILE = collectionview/Info.plist;
				LD_RUNPATH_SEARCH_PATHS = "$(inherited) @executable_path/Frameworks";
				PRODUCT_BUNDLE_IDENTIFIER = com.cnsoftnet.try2.collectionview;
				PRODUCT_NAME = "$(TARGET_NAME)";
			};
			name = Release;
		};
/* End XCBuildConfiguration section */

/* Begin XCConfigurationList section */
		F1D4637E1DD186880029E93A /* Build configuration list for PBXProject "collectionview" */ = {
			isa = XCConfigurationList;
			buildConfigurations = (
				F1D463981DD186880029E93A /* Debug */,
				F1D463991DD186880029E93A /* Release */,
			);
			defaultConfigurationIsVisible = 0;
			defaultConfigurationName = Release;
		};
		F1D4639A1DD186880029E93A /* Build configuration list for PBXNativeTarget "collectionview" */ = {
			isa = XCConfigurationList;
			buildConfigurations = (
				F1D4639B1DD186880029E93A /* Debug */,
				F1D4639C1DD186880029E93A /* Release */,
			);
			defaultConfigurationIsVisible = 0;
		};
/* End XCConfigurationList section */
	};
	rootObject = F1D4637B1DD186880029E93A /* Project object */;
}
